{
  "name": "undertaker-common-tasks",
  "version": "1.0.0",
  "lockfileVersion": 3,
  "requires": true,
  "packages": {
    "": {
      "name": "undertaker-common-tasks",
      "version": "1.0.0",
      "license": "ISC",
      "dependencies": {
        "gulplog": "git://github.com/Agi-Source-Code/gulplog.git",
        "undertaker-registry": "git://github.com/Agi-Source-Code/undertaker-registry.git"
      }
    },
    "node_modules/glogg": {
      "version": "1.0.0",
      "resolved": "git+ssh://git@github.com/Agi-Source-Code/glogg.git#6223ac9f15ee32fcd1345e6fdf62bc878a1057a6",
      "license": "ISC"
    },
    "node_modules/gulplog": {
      "version": "1.0.0",
      "resolved": "git+ssh://git@github.com/Agi-Source-Code/gulplog.git#779a004c5eeaca398a7da735b5ad95283f6fd70e",
      "license": "ISC",
      "dependencies": {
        "glogg": "git://github.com/Agi-Source-Code/glogg.git"
      }
    },
    "node_modules/undertaker-registry": {
      "version": "1.0.0",
      "resolved": "git+ssh://git@github.com/Agi-Source-Code/undertaker-registry.git#e222cbd001cdd6f35785cef9b4f8f6ddeaa37e8a",
      "license": "ISC"
    }
  }
}
